
Microsoft Visual Studio Solution File, Format Version 12.00
# Visual Studio Version 17
VisualStudioVersion = 17.11.35303.130
MinimumVisualStudioVersion = 10.0.40219.1
Project("{9A19103F-16F7-4668-BE54-9A1E7A4F7556}") = "ProjetoDesk", "ProjetoDesk\ProjetoDesk.csproj", "{EFA75C6F-3756-43D8-9F3E-667C8E30D2C1}"
EndProject
Global
	GlobalSection(SolutionConfigurationPlatforms) = preSolution
		Debug|Any CPU = Debug|Any CPU
		Release|Any CPU = Release|Any CPU
	EndGlobalSection
	GlobalSection(ProjectConfigurationPlatforms) = postSolution
		{EFA75C6F-3756-43D8-9F3E-667C8E30D2C1}.Debug|Any CPU.ActiveCfg = Debug|Any CPU
		{EFA75C6F-3756-43D8-9F3E-667C8E30D2C1}.Debug|Any CPU.Build.0 = Debug|Any CPU
		{EFA75C6F-3756-43D8-9F3E-667C8E30D2C1}.Release|Any CPU.ActiveCfg = Release|Any CPU
		{EFA75C6F-3756-43D8-9F3E-667C8E30D2C1}.Release|Any CPU.Build.0 = Release|Any CPU
	EndGlobalSection
	GlobalSection(SolutionProperties) = preSolution
		HideSolutionNode = FALSE
	EndGlobalSection
	GlobalSection(ExtensibilityGlobals) = postSolution
		SolutionGuid = {B11EDA83-0912-4266-876F-67A474A85A89}
	EndGlobalSection
EndGlobal
